
Microsoft Visual Studio Solution File, Format Version 12.00
# Visual Studio Version 17
VisualStudioVersion = 17.9.34622.214
MinimumVisualStudioVersion = 10.0.40219.1
Project("{2150E333-8FDC-42A3-9474-1A3956D46DE8}") = "Core", "Core", "{A1BA7BA9-72B4-4195-B9C5-8636BF430614}"
EndProject
Project("{2150E333-8FDC-42A3-9474-1A3956D46DE8}") = "Infrastructure", "Infrastructure", "{392C72E5-6E22-46EB-AFE9-D867E33CA575}"
EndProject
Project("{2150E333-8FDC-42A3-9474-1A3956D46DE8}") = "Presentation", "Presentation", "{2764D9B3-AFA7-472F-9AC7-DC98377F5C8C}"
EndProject
Project("{9A19103F-16F7-4668-BE54-9A1E7A4F7556}") = "Notes.Domain", "Notes.Domain\Notes.Domain.csproj", "{EEB0332E-7C2E-47FE-898C-C021621DBA1A}"
EndProject
Project("{9A19103F-16F7-4668-BE54-9A1E7A4F7556}") = "Notes.DAL", "Notes.DAL\Notes.DAL.csproj", "{65EB6E30-9AB5-452F-A632-4408D8A9BE35}"
EndProject
Project("{9A19103F-16F7-4668-BE54-9A1E7A4F7556}") = "Notes.API", "Notes.API\Notes.API.csproj", "{FB0D9719-C963-4B1E-A58C-A841DCBE08D6}"
EndProject
Project("{9A19103F-16F7-4668-BE54-9A1E7A4F7556}") = "Notes.Application", "Notes.Application\Notes.Application.csproj", "{4F7BBAF4-D7A5-4407-BBC7-935E705340D5}"
EndProject
Project("{2150E333-8FDC-42A3-9474-1A3956D46DE8}") = "Tests", "Tests", "{94AC7EE8-1DD0-40C4-AD0E-5B8C09B2B11B}"
EndProject
Project("{9A19103F-16F7-4668-BE54-9A1E7A4F7556}") = "Notes.Tests", "Notes.Tests\Notes.Tests.csproj", "{20341464-32FB-4058-95CD-394C3C2C91BB}"
EndProject
Project("{2150E333-8FDC-42A3-9474-1A3956D46DE8}") = "Элементы решения", "Элементы решения", "{F71BF5E9-DFE5-415E-812E-E05002A71D89}"
	ProjectSection(SolutionItems) = preProject
		docker-compose.yml = docker-compose.yml
	EndProjectSection
EndProject
Global
	GlobalSection(SolutionConfigurationPlatforms) = preSolution
		Debug|Any CPU = Debug|Any CPU
		Release|Any CPU = Release|Any CPU
	EndGlobalSection
	GlobalSection(ProjectConfigurationPlatforms) = postSolution
		{EEB0332E-7C2E-47FE-898C-C021621DBA1A}.Debug|Any CPU.ActiveCfg = Debug|Any CPU
		{EEB0332E-7C2E-47FE-898C-C021621DBA1A}.Debug|Any CPU.Build.0 = Debug|Any CPU
		{EEB0332E-7C2E-47FE-898C-C021621DBA1A}.Release|Any CPU.ActiveCfg = Release|Any CPU
		{EEB0332E-7C2E-47FE-898C-C021621DBA1A}.Release|Any CPU.Build.0 = Release|Any CPU
		{65EB6E30-9AB5-452F-A632-4408D8A9BE35}.Debug|Any CPU.ActiveCfg = Debug|Any CPU
		{65EB6E30-9AB5-452F-A632-4408D8A9BE35}.Debug|Any CPU.Build.0 = Debug|Any CPU
		{65EB6E30-9AB5-452F-A632-4408D8A9BE35}.Release|Any CPU.ActiveCfg = Release|Any CPU
		{65EB6E30-9AB5-452F-A632-4408D8A9BE35}.Release|Any CPU.Build.0 = Release|Any CPU
		{FB0D9719-C963-4B1E-A58C-A841DCBE08D6}.Debug|Any CPU.ActiveCfg = Debug|Any CPU
		{FB0D9719-C963-4B1E-A58C-A841DCBE08D6}.Debug|Any CPU.Build.0 = Debug|Any CPU
		{FB0D9719-C963-4B1E-A58C-A841DCBE08D6}.Release|Any CPU.ActiveCfg = Release|Any CPU
		{FB0D9719-C963-4B1E-A58C-A841DCBE08D6}.Release|Any CPU.Build.0 = Release|Any CPU
		{4F7BBAF4-D7A5-4407-BBC7-935E705340D5}.Debug|Any CPU.ActiveCfg = Debug|Any CPU
		{4F7BBAF4-D7A5-4407-BBC7-935E705340D5}.Debug|Any CPU.Build.0 = Debug|Any CPU
		{4F7BBAF4-D7A5-4407-BBC7-935E705340D5}.Release|Any CPU.ActiveCfg = Release|Any CPU
		{4F7BBAF4-D7A5-4407-BBC7-935E705340D5}.Release|Any CPU.Build.0 = Release|Any CPU
		{20341464-32FB-4058-95CD-394C3C2C91BB}.Debug|Any CPU.ActiveCfg = Debug|Any CPU
		{20341464-32FB-4058-95CD-394C3C2C91BB}.Debug|Any CPU.Build.0 = Debug|Any CPU
		{20341464-32FB-4058-95CD-394C3C2C91BB}.Release|Any CPU.ActiveCfg = Release|Any CPU
		{20341464-32FB-4058-95CD-394C3C2C91BB}.Release|Any CPU.Build.0 = Release|Any CPU
	EndGlobalSection
	GlobalSection(SolutionProperties) = preSolution
		HideSolutionNode = FALSE
	EndGlobalSection
	GlobalSection(NestedProjects) = preSolution
		{EEB0332E-7C2E-47FE-898C-C021621DBA1A} = {A1BA7BA9-72B4-4195-B9C5-8636BF430614}
		{65EB6E30-9AB5-452F-A632-4408D8A9BE35} = {392C72E5-6E22-46EB-AFE9-D867E33CA575}
		{FB0D9719-C963-4B1E-A58C-A841DCBE08D6} = {2764D9B3-AFA7-472F-9AC7-DC98377F5C8C}
		{4F7BBAF4-D7A5-4407-BBC7-935E705340D5} = {A1BA7BA9-72B4-4195-B9C5-8636BF430614}
		{20341464-32FB-4058-95CD-394C3C2C91BB} = {94AC7EE8-1DD0-40C4-AD0E-5B8C09B2B11B}
	EndGlobalSection
	GlobalSection(ExtensibilityGlobals) = postSolution
		SolutionGuid = {F38CB6DF-10F1-4A0B-9905-C05BD26D8281}
	EndGlobalSection
EndGlobal
